<?xml version="1.0" encoding="utf-8"?>
<Project ToolsVersion="4.0" xmlns="http://schemas.microsoft.com/developer/msbuild/2003">
  <ItemGroup>
    <Filter Include="Source Files">
      <UniqueIdentifier>{4FC737F1-C7A5-4376-A066-2A32D752A2FF}</UniqueIdentifier>
      <Extensions>cpp;c;cc;cxx;c++;cppm;ixx;def;odl;idl;hpj;bat;asm;asmx</Extensions>
    </Filter>
    <Filter Include="Header Files">
      <UniqueIdentifier>{93995380-89BD-4b04-88EB-625FBE52EBFB}</UniqueIdentifier>
      <Extensions>h;hh;hpp;hxx;h++;hm;inl;inc;ipp;xsd</Extensions>
    </Filter>
    <Filter Include="Resource Files">
      <UniqueIdentifier>{67DA6AB6-F800-4c08-8B7A-83BB121AAD01}</UniqueIdentifier>
      <Extensions>rc;ico;cur;bmp;dlg;rc2;rct;bin;rgs;gif;jpg;jpeg;jpe;resx;tiff;tif;png;wav;mfcribbon-ms</Extensions>
    </Filter>
    <Filter Include="Header Files\Enums">
      <UniqueIdentifier>{01eb41b6-081a-4919-b659-ee204ee630ef}</UniqueIdentifier>
    </Filter>
    <Filter Include="Header Files\Products">
      <UniqueIdentifier>{3cfd0b3f-183b-4f52-a54d-04cf15d2a17f}</UniqueIdentifier>
    </Filter>
    <Filter Include="Header Files\Accounts">
      <UniqueIdentifier>{0898e186-ed4d-4426-921a-082467baee35}</UniqueIdentifier>
    </Filter>
    <Filter Include="Header Files\Helpers">
      <UniqueIdentifier>{22d2f903-c342-4ba3-aa6e-23c709f87583}</UniqueIdentifier>
    </Filter>
    <Filter Include="Source Files\Helpers">
      <UniqueIdentifier>{53ad21bb-ee80-4dc6-b15d-86383f708eca}</UniqueIdentifier>
    </Filter>
  </ItemGroup>
  <ItemGroup>
    <ClCompile Include="InventoryManagement.cpp">
      <Filter>Source Files</Filter>
    </ClCompile>
    <ClCompile Include="EnumHelpers.cpp">
      <Filter>Source Files\Helpers</Filter>
    </ClCompile>
  </ItemGroup>
  <ItemGroup>
    <ClInclude Include="DisplayOutput.h">
      <Filter>Header Files\Enums</Filter>
    </ClInclude>
    <ClInclude Include="DoubleDataRate.h">
      <Filter>Header Files\Enums</Filter>
    </ClInclude>
    <ClInclude Include="PowerSupplyCertification.h">
      <Filter>Header Files\Enums</Filter>
    </ClInclude>
    <ClInclude Include="ScreenType.h">
      <Filter>Header Files\Enums</Filter>
    </ClInclude>
    <ClInclude Include="StorageDevice.h">
      <Filter>Header Files\Enums</Filter>
    </ClInclude>
    <ClInclude Include="EnumHelpers.h">
      <Filter>Header Files\Helpers</Filter>
    </ClInclude>
    <ClInclude Include="Product.h">
      <Filter>Header Files\Products</Filter>
    </ClInclude>
    <ClInclude Include="Monitor.h">
      <Filter>Header Files\Products</Filter>
    </ClInclude>
    <ClInclude Include="Motherboard.h">
      <Filter>Header Files\Products</Filter>
    </ClInclude>
    <ClInclude Include="CPU.h">
      <Filter>Header Files\Products</Filter>
    </ClInclude>
    <ClInclude Include="GPU.h">
      <Filter>Header Files\Products</Filter>
    </ClInclude>
    <ClInclude Include="Storage.h">
      <Filter>Header Files\Products</Filter>
    </ClInclude>
    <ClInclude Include="RAM.h">
      <Filter>Header Files\Products</Filter>
    </ClInclude>
    <ClInclude Include="PowerSupply.h">
      <Filter>Header Files\Products</Filter>
    </ClInclude>
  </ItemGroup>
</Project>